// !$*UTF8*$!
{
	archiveVersion = 1;
	classes = {
	};
	objectVersion = 56;
	objects = {

/* Begin PBXBuildFile section */
		7730351829BEA6790075207B /* AppDelegate.swift in Sources */ = {isa = PBXBuildFile; fileRef = 7730351729BEA6790075207B /* AppDelegate.swift */; };
		7730351A29BEA6790075207B /* SceneDelegate.swift in Sources */ = {isa = PBXBuildFile; fileRef = 7730351929BEA6790075207B /* SceneDelegate.swift */; };
		7730351C29BEA6790075207B /* ViewController.swift in Sources */ = {isa = PBXBuildFile; fileRef = 7730351B29BEA6790075207B /* ViewController.swift */; };
		7730351F29BEA6790075207B /* Main.storyboard in Resources */ = {isa = PBXBuildFile; fileRef = 7730351D29BEA6790075207B /* Main.storyboard */; };
		7730352129BEA67A0075207B /* Assets.xcassets in Resources */ = {isa = PBXBuildFile; fileRef = 7730352029BEA67A0075207B /* Assets.xcassets */; };
		7730352429BEA67A0075207B /* LaunchScreen.storyboard in Resources */ = {isa = PBXBuildFile; fileRef = 7730352229BEA67A0075207B /* LaunchScreen.storyboard */; };
		7730353D29BEDE3C0075207B /* 소리쳐부르지만저대답없는노을만붉게타는데.jpeg in Resources */ = {isa = PBXBuildFile; fileRef = 7730353029BEDE3C0075207B /* 소리쳐부르지만저대답없는노을만붉게타는데.jpeg */; };
		7730353E29BEDE3C0075207B /* 주문받겠습니다 손님.jpeg in Resources */ = {isa = PBXBuildFile; fileRef = 7730353129BEDE3C0075207B /* 주문받겠습니다 손님.jpeg */; };
		7730353F29BEDE3C0075207B /* 아하.jpeg in Resources */ = {isa = PBXBuildFile; fileRef = 7730353229BEDE3C0075207B /* 아하.jpeg */; };
		7730354029BEDE3C0075207B /* 안돼안바꿔줘돌아가.jpeg in Resources */ = {isa = PBXBuildFile; fileRef = 7730353329BEDE3C0075207B /* 안돼안바꿔줘돌아가.jpeg */; };
		7730354129BEDE3C0075207B /* 턱꼬집.jpeg in Resources */ = {isa = PBXBuildFile; fileRef = 7730353429BEDE3C0075207B /* 턱꼬집.jpeg */; };
		7730354229BEDE3C0075207B /* 머리박박극기.jpeg in Resources */ = {isa = PBXBuildFile; fileRef = 7730353529BEDE3C0075207B /* 머리박박극기.jpeg */; };
		7730354329BEDE3C0075207B /* 머리를탁.jpeg in Resources */ = {isa = PBXBuildFile; fileRef = 7730353629BEDE3C0075207B /* 머리를탁.jpeg */; };
		7730354429BEDE3C0075207B /* 시끄러시씨씨시시ㅣ씨끄러.jpeg in Resources */ = {isa = PBXBuildFile; fileRef = 7730353729BEDE3C0075207B /* 시끄러시씨씨시시ㅣ씨끄러.jpeg */; };
		7730354529BEDE3C0075207B /* 윙크작렬.jpeg in Resources */ = {isa = PBXBuildFile; fileRef = 7730353829BEDE3C0075207B /* 윙크작렬.jpeg */; };
		7730354629BEDE3C0075207B /* 님좀쩌는듯.jpeg in Resources */ = {isa = PBXBuildFile; fileRef = 7730353929BEDE3C0075207B /* 님좀쩌는듯.jpeg */; };
		7730354729BEDE3C0075207B /* 홀쭉이.jpeg in Resources */ = {isa = PBXBuildFile; fileRef = 7730353A29BEDE3C0075207B /* 홀쭉이.jpeg */; };
		7730354829BEDE3C0075207B /* 자세히관찰하기.jpeg in Resources */ = {isa = PBXBuildFile; fileRef = 7730353B29BEDE3C0075207B /* 자세히관찰하기.jpeg */; };
		7730354929BEDE3C0075207B /* 흐음.jpeg in Resources */ = {isa = PBXBuildFile; fileRef = 7730353C29BEDE3C0075207B /* 흐음.jpeg */; };
/* End PBXBuildFile section */

/* Begin PBXFileReference section */
		7730351429BEA6790075207B /* test.app */ = {isa = PBXFileReference; explicitFileType = wrapper.application; includeInIndex = 0; path = test.app; sourceTree = BUILT_PRODUCTS_DIR; };
		7730351729BEA6790075207B /* AppDelegate.swift */ = {isa = PBXFileReference; lastKnownFileType = sourcecode.swift; path = AppDelegate.swift; sourceTree = "<group>"; };
		7730351929BEA6790075207B /* SceneDelegate.swift */ = {isa = PBXFileReference; lastKnownFileType = sourcecode.swift; path = SceneDelegate.swift; sourceTree = "<group>"; };
		7730351B29BEA6790075207B /* ViewController.swift */ = {isa = PBXFileReference; lastKnownFileType = sourcecode.swift; path = ViewController.swift; sourceTree = "<group>"; };
		7730351E29BEA6790075207B /* Base */ = {isa = PBXFileReference; lastKnownFileType = file.storyboard; name = Base; path = Base.lproj/Main.storyboard; sourceTree = "<group>"; };
		7730352029BEA67A0075207B /* Assets.xcassets */ = {isa = PBXFileReference; lastKnownFileType = folder.assetcatalog; path = Assets.xcassets; sourceTree = "<group>"; };
		7730352329BEA67A0075207B /* Base */ = {isa = PBXFileReference; lastKnownFileType = file.storyboard; name = Base; path = Base.lproj/LaunchScreen.storyboard; sourceTree = "<group>"; };
		7730352529BEA67A0075207B /* Info.plist */ = {isa = PBXFileReference; lastKnownFileType = text.plist.xml; path = Info.plist; sourceTree = "<group>"; };
		7730353029BEDE3C0075207B /* 소리쳐부르지만저대답없는노을만붉게타는데.jpeg */ = {isa = PBXFileReference; lastKnownFileType = image.jpeg; name = "소리쳐부르지만저대답없는노을만붉게타는데.jpeg"; path = "../../../../image/소리쳐부르지만저대답없는노을만붉게타는데.jpeg"; sourceTree = "<group>"; };
		7730353129BEDE3C0075207B /* 주문받겠습니다 손님.jpeg */ = {isa = PBXFileReference; lastKnownFileType = image.jpeg; name = "주문받겠습니다 손님.jpeg"; path = "../../../../image/주문받겠습니다 손님.jpeg"; sourceTree = "<group>"; };
		7730353229BEDE3C0075207B /* 아하.jpeg */ = {isa = PBXFileReference; lastKnownFileType = image.jpeg; name = "아하.jpeg"; path = "../../../../image/아하.jpeg"; sourceTree = "<group>"; };
		7730353329BEDE3C0075207B /* 안돼안바꿔줘돌아가.jpeg */ = {isa = PBXFileReference; lastKnownFileType = image.jpeg; name = "안돼안바꿔줘돌아가.jpeg"; path = "../../../../image/안돼안바꿔줘돌아가.jpeg"; sourceTree = "<group>"; };
		7730353429BEDE3C0075207B /* 턱꼬집.jpeg */ = {isa = PBXFileReference; lastKnownFileType = image.jpeg; name = "턱꼬집.jpeg"; path = "../../../../image/턱꼬집.jpeg"; sourceTree = "<group>"; };
		7730353529BEDE3C0075207B /* 머리박박극기.jpeg */ = {isa = PBXFileReference; lastKnownFileType = image.jpeg; name = "머리박박극기.jpeg"; path = "../../../../image/머리박박극기.jpeg"; sourceTree = "<group>"; };
		7730353629BEDE3C0075207B /* 머리를탁.jpeg */ = {isa = PBXFileReference; lastKnownFileType = image.jpeg; name = "머리를탁.jpeg"; path = "../../../../image/머리를탁.jpeg"; sourceTree = "<group>"; };
		7730353729BEDE3C0075207B /* 시끄러시씨씨시시ㅣ씨끄러.jpeg */ = {isa = PBXFileReference; lastKnownFileType = image.jpeg; name = "시끄러시씨씨시시ㅣ씨끄러.jpeg"; path = "../../../../image/시끄러시씨씨시시ㅣ씨끄러.jpeg"; sourceTree = "<group>"; };
		7730353829BEDE3C0075207B /* 윙크작렬.jpeg */ = {isa = PBXFileReference; lastKnownFileType = image.jpeg; name = "윙크작렬.jpeg"; path = "../../../../image/윙크작렬.jpeg"; sourceTree = "<group>"; };
		7730353929BEDE3C0075207B /* 님좀쩌는듯.jpeg */ = {isa = PBXFileReference; lastKnownFileType = image.jpeg; name = "님좀쩌는듯.jpeg"; path = "../../../../image/님좀쩌는듯.jpeg"; sourceTree = "<group>"; };
		7730353A29BEDE3C0075207B /* 홀쭉이.jpeg */ = {isa = PBXFileReference; lastKnownFileType = image.jpeg; name = "홀쭉이.jpeg"; path = "../../../../image/홀쭉이.jpeg"; sourceTree = "<group>"; };
		7730353B29BEDE3C0075207B /* 자세히관찰하기.jpeg */ = {isa = PBXFileReference; lastKnownFileType = image.jpeg; name = "자세히관찰하기.jpeg"; path = "../../../../image/자세히관찰하기.jpeg"; sourceTree = "<group>"; };
		7730353C29BEDE3C0075207B /* 흐음.jpeg */ = {isa = PBXFileReference; lastKnownFileType = image.jpeg; name = "흐음.jpeg"; path = "../../../../image/흐음.jpeg"; sourceTree = "<group>"; };
/* End PBXFileReference section */

/* Begin PBXFrameworksBuildPhase section */
		7730351129BEA6790075207B /* Frameworks */ = {
			isa = PBXFrameworksBuildPhase;
			buildActionMask = 2147483647;
			files = (
			);
			runOnlyForDeploymentPostprocessing = 0;
		};
/* End PBXFrameworksBuildPhase section */

/* Begin PBXGroup section */
		7730350B29BEA6790075207B = {
			isa = PBXGroup;
			children = (
				7730351629BEA6790075207B /* test */,
				7730351529BEA6790075207B /* Products */,
			);
			sourceTree = "<group>";
		};
		7730351529BEA6790075207B /* Products */ = {
			isa = PBXGroup;
			children = (
				7730351429BEA6790075207B /* test.app */,
			);
			name = Products;
			sourceTree = "<group>";
		};
		7730351629BEA6790075207B /* test */ = {
			isa = PBXGroup;
			children = (
				7730352F29BEDC930075207B /* images */,
				7730351729BEA6790075207B /* AppDelegate.swift */,
				7730351929BEA6790075207B /* SceneDelegate.swift */,
				7730351B29BEA6790075207B /* ViewController.swift */,
				7730351D29BEA6790075207B /* Main.storyboard */,
				7730352029BEA67A0075207B /* Assets.xcassets */,
				7730352229BEA67A0075207B /* LaunchScreen.storyboard */,
				7730352529BEA67A0075207B /* Info.plist */,
			);
			path = test;
			sourceTree = "<group>";
		};
		7730352F29BEDC930075207B /* images */ = {
			isa = PBXGroup;
			children = (
				7730353929BEDE3C0075207B /* 님좀쩌는듯.jpeg */,
				7730353629BEDE3C0075207B /* 머리를탁.jpeg */,
				7730353529BEDE3C0075207B /* 머리박박극기.jpeg */,
				7730353029BEDE3C0075207B /* 소리쳐부르지만저대답없는노을만붉게타는데.jpeg */,
				7730353729BEDE3C0075207B /* 시끄러시씨씨시시ㅣ씨끄러.jpeg */,
				7730353229BEDE3C0075207B /* 아하.jpeg */,
				7730353329BEDE3C0075207B /* 안돼안바꿔줘돌아가.jpeg */,
				7730353829BEDE3C0075207B /* 윙크작렬.jpeg */,
				7730353B29BEDE3C0075207B /* 자세히관찰하기.jpeg */,
				7730353129BEDE3C0075207B /* 주문받겠습니다 손님.jpeg */,
				7730353429BEDE3C0075207B /* 턱꼬집.jpeg */,
				7730353A29BEDE3C0075207B /* 홀쭉이.jpeg */,
				7730353C29BEDE3C0075207B /* 흐음.jpeg */,
			);
			path = images;
			sourceTree = "<group>";
		};
/* End PBXGroup section */

/* Begin PBXNativeTarget section */
		7730351329BEA6790075207B /* test */ = {
			isa = PBXNativeTarget;
			buildConfigurationList = 7730352829BEA67A0075207B /* Build configuration list for PBXNativeTarget "test" */;
			buildPhases = (
				7730351029BEA6790075207B /* Sources */,
				7730351129BEA6790075207B /* Frameworks */,
				7730351229BEA6790075207B /* Resources */,
			);
			buildRules = (
			);
			dependencies = (
			);
			name = test;
			productName = test;
			productReference = 7730351429BEA6790075207B /* test.app */;
			productType = "com.apple.product-type.application";
		};
/* End PBXNativeTarget section */

/* Begin PBXProject section */
		7730350C29BEA6790075207B /* Project object */ = {
			isa = PBXProject;
			attributes = {
				BuildIndependentTargetsInParallel = 1;
				LastSwiftUpdateCheck = 1420;
				LastUpgradeCheck = 1420;
				TargetAttributes = {
					7730351329BEA6790075207B = {
						CreatedOnToolsVersion = 14.2;
					};
				};
			};
			buildConfigurationList = 7730350F29BEA6790075207B /* Build configuration list for PBXProject "test" */;
			compatibilityVersion = "Xcode 14.0";
			developmentRegion = en;
			hasScannedForEncodings = 0;
			knownRegions = (
				en,
				Base,
			);
			mainGroup = 7730350B29BEA6790075207B;
			productRefGroup = 7730351529BEA6790075207B /* Products */;
			projectDirPath = "";
			projectRoot = "";
			targets = (
				7730351329BEA6790075207B /* test */,
			);
		};
/* End PBXProject section */

/* Begin PBXResourcesBuildPhase section */
		7730351229BEA6790075207B /* Resources */ = {
			isa = PBXResourcesBuildPhase;
			buildActionMask = 2147483647;
			files = (
				7730353F29BEDE3C0075207B /* 아하.jpeg in Resources */,
				7730354129BEDE3C0075207B /* 턱꼬집.jpeg in Resources */,
				7730354729BEDE3C0075207B /* 홀쭉이.jpeg in Resources */,
				7730354329BEDE3C0075207B /* 머리를탁.jpeg in Resources */,
				7730354029BEDE3C0075207B /* 안돼안바꿔줘돌아가.jpeg in Resources */,
				7730353D29BEDE3C0075207B /* 소리쳐부르지만저대답없는노을만붉게타는데.jpeg in Resources */,
				7730354429BEDE3C0075207B /* 시끄러시씨씨시시ㅣ씨끄러.jpeg in Resources */,
				7730353E29BEDE3C0075207B /* 주문받겠습니다 손님.jpeg in Resources */,
				7730354929BEDE3C0075207B /* 흐음.jpeg in Resources */,
				7730352429BEA67A0075207B /* LaunchScreen.storyboard in Resources */,
				7730352129BEA67A0075207B /* Assets.xcassets in Resources */,
				7730354229BEDE3C0075207B /* 머리박박극기.jpeg in Resources */,
				7730354629BEDE3C0075207B /* 님좀쩌는듯.jpeg in Resources */,
				7730354829BEDE3C0075207B /* 자세히관찰하기.jpeg in Resources */,
				7730354529BEDE3C0075207B /* 윙크작렬.jpeg in Resources */,
				7730351F29BEA6790075207B /* Main.storyboard in Resources */,
			);
			runOnlyForDeploymentPostprocessing = 0;
		};
/* End PBXResourcesBuildPhase section */

/* Begin PBXSourcesBuildPhase section */
		7730351029BEA6790075207B /* Sources */ = {
			isa = PBXSourcesBuildPhase;
			buildActionMask = 2147483647;
			files = (
				7730351C29BEA6790075207B /* ViewController.swift in Sources */,
				7730351829BEA6790075207B /* AppDelegate.swift in Sources */,
				7730351A29BEA6790075207B /* SceneDelegate.swift in Sources */,
			);
			runOnlyForDeploymentPostprocessing = 0;
		};
/* End PBXSourcesBuildPhase section */

/* Begin PBXVariantGroup section */
		7730351D29BEA6790075207B /* Main.storyboard */ = {
			isa = PBXVariantGroup;
			children = (
				7730351E29BEA6790075207B /* Base */,
			);
			name = Main.storyboard;
			sourceTree = "<group>";
		};
		7730352229BEA67A0075207B /* LaunchScreen.storyboard */ = {
			isa = PBXVariantGroup;
			children = (
				7730352329BEA67A0075207B /* Base */,
			);
			name = LaunchScreen.storyboard;
			sourceTree = "<group>";
		};
/* End PBXVariantGroup section */

/* Begin XCBuildConfiguration section */
		7730352629BEA67A0075207B /* Debug */ = {
			isa = XCBuildConfiguration;
			buildSettings = {
				ALWAYS_SEARCH_USER_PATHS = NO;
				CLANG_ANALYZER_NONNULL = YES;
				CLANG_ANALYZER_NUMBER_OBJECT_CONVERSION = YES_AGGRESSIVE;
				CLANG_CXX_LANGUAGE_STANDARD = "gnu++20";
				CLANG_ENABLE_MODULES = YES;
				CLANG_ENABLE_OBJC_ARC = YES;
				CLANG_ENABLE_OBJC_WEAK = YES;
				CLANG_WARN_BLOCK_CAPTURE_AUTORELEASING = YES;
				CLANG_WARN_BOOL_CONVERSION = YES;
				CLANG_WARN_COMMA = YES;
				CLANG_WARN_CONSTANT_CONVERSION = YES;
				CLANG_WARN_DEPRECATED_OBJC_IMPLEMENTATIONS = YES;
				CLANG_WARN_DIRECT_OBJC_ISA_USAGE = YES_ERROR;
				CLANG_WARN_DOCUMENTATION_COMMENTS = YES;
				CLANG_WARN_EMPTY_BODY = YES;
				CLANG_WARN_ENUM_CONVERSION = YES;
				CLANG_WARN_INFINITE_RECURSION = YES;
				CLANG_WARN_INT_CONVERSION = YES;
				CLANG_WARN_NON_LITERAL_NULL_CONVERSION = YES;
				CLANG_WARN_OBJC_IMPLICIT_RETAIN_SELF = YES;
				CLANG_WARN_OBJC_LITERAL_CONVERSION = YES;
				CLANG_WARN_OBJC_ROOT_CLASS = YES_ERROR;
				CLANG_WARN_QUOTED_INCLUDE_IN_FRAMEWORK_HEADER = YES;
				CLANG_WARN_RANGE_LOOP_ANALYSIS = YES;
				CLANG_WARN_STRICT_PROTOTYPES = YES;
				CLANG_WARN_SUSPICIOUS_MOVE = YES;
				CLANG_WARN_UNGUARDED_AVAILABILITY = YES_AGGRESSIVE;
				CLANG_WARN_UNREACHABLE_CODE = YES;
				CLANG_WARN__DUPLICATE_METHOD_MATCH = YES;
				COPY_PHASE_STRIP = NO;
				DEBUG_INFORMATION_FORMAT = dwarf;
				ENABLE_STRICT_OBJC_MSGSEND = YES;
				ENABLE_TESTABILITY = YES;
				GCC_C_LANGUAGE_STANDARD = gnu11;
				GCC_DYNAMIC_NO_PIC = NO;
				GCC_NO_COMMON_BLOCKS = YES;
				GCC_OPTIMIZATION_LEVEL = 0;
				GCC_PREPROCESSOR_DEFINITIONS = (
					"DEBUG=1",
					"$(inherited)",
				);
				GCC_WARN_64_TO_32_BIT_CONVERSION = YES;
				GCC_WARN_ABOUT_RETURN_TYPE = YES_ERROR;
				GCC_WARN_UNDECLARED_SELECTOR = YES;
				GCC_WARN_UNINITIALIZED_AUTOS = YES_AGGRESSIVE;
				GCC_WARN_UNUSED_FUNCTION = YES;
				GCC_WARN_UNUSED_VARIABLE = YES;
				IPHONEOS_DEPLOYMENT_TARGET = 16.2;
				MTL_ENABLE_DEBUG_INFO = INCLUDE_SOURCE;
				MTL_FAST_MATH = YES;
				ONLY_ACTIVE_ARCH = YES;
				SDKROOT = iphoneos;
				SWIFT_ACTIVE_COMPILATION_CONDITIONS = DEBUG;
				SWIFT_OPTIMIZATION_LEVEL = "-Onone";
			};
			name = Debug;
		};
		7730352729BEA67A0075207B /* Release */ = {
			isa = XCBuildConfiguration;
			buildSettings = {
				ALWAYS_SEARCH_USER_PATHS = NO;
				CLANG_ANALYZER_NONNULL = YES;
				CLANG_ANALYZER_NUMBER_OBJECT_CONVERSION = YES_AGGRESSIVE;
				CLANG_CXX_LANGUAGE_STANDARD = "gnu++20";
				CLANG_ENABLE_MODULES = YES;
				CLANG_ENABLE_OBJC_ARC = YES;
				CLANG_ENABLE_OBJC_WEAK = YES;
				CLANG_WARN_BLOCK_CAPTURE_AUTORELEASING = YES;
				CLANG_WARN_BOOL_CONVERSION = YES;
				CLANG_WARN_COMMA = YES;
				CLANG_WARN_CONSTANT_CONVERSION = YES;
				CLANG_WARN_DEPRECATED_OBJC_IMPLEMENTATIONS = YES;
				CLANG_WARN_DIRECT_OBJC_ISA_USAGE = YES_ERROR;
				CLANG_WARN_DOCUMENTATION_COMMENTS = YES;
				CLANG_WARN_EMPTY_BODY = YES;
				CLANG_WARN_ENUM_CONVERSION = YES;
				CLANG_WARN_INFINITE_RECURSION = YES;
				CLANG_WARN_INT_CONVERSION = YES;
				CLANG_WARN_NON_LITERAL_NULL_CONVERSION = YES;
				CLANG_WARN_OBJC_IMPLICIT_RETAIN_SELF = YES;
				CLANG_WARN_OBJC_LITERAL_CONVERSION = YES;
				CLANG_WARN_OBJC_ROOT_CLASS = YES_ERROR;
				CLANG_WARN_QUOTED_INCLUDE_IN_FRAMEWORK_HEADER = YES;
				CLANG_WARN_RANGE_LOOP_ANALYSIS = YES;
				CLANG_WARN_STRICT_PROTOTYPES = YES;
				CLANG_WARN_SUSPICIOUS_MOVE = YES;
				CLANG_WARN_UNGUARDED_AVAILABILITY = YES_AGGRESSIVE;
				CLANG_WARN_UNREACHABLE_CODE = YES;
				CLANG_WARN__DUPLICATE_METHOD_MATCH = YES;
				COPY_PHASE_STRIP = NO;
				DEBUG_INFORMATION_FORMAT = "dwarf-with-dsym";
				ENABLE_NS_ASSERTIONS = NO;
				ENABLE_STRICT_OBJC_MSGSEND = YES;
				GCC_C_LANGUAGE_STANDARD = gnu11;
				GCC_NO_COMMON_BLOCKS = YES;
				GCC_WARN_64_TO_32_BIT_CONVERSION = YES;
				GCC_WARN_ABOUT_RETURN_TYPE = YES_ERROR;
				GCC_WARN_UNDECLARED_SELECTOR = YES;
				GCC_WARN_UNINITIALIZED_AUTOS = YES_AGGRESSIVE;
				GCC_WARN_UNUSED_FUNCTION = YES;
				GCC_WARN_UNUSED_VARIABLE = YES;
				IPHONEOS_DEPLOYMENT_TARGET = 16.2;
				MTL_ENABLE_DEBUG_INFO = NO;
				MTL_FAST_MATH = YES;
				SDKROOT = iphoneos;
				SWIFT_COMPILATION_MODE = wholemodule;
				SWIFT_OPTIMIZATION_LEVEL = "-O";
				VALIDATE_PRODUCT = YES;
			};
			name = Release;
		};
		7730352929BEA67A0075207B /* Debug */ = {
			isa = XCBuildConfiguration;
			buildSettings = {
				ASSETCATALOG_COMPILER_APPICON_NAME = AppIcon;
				ASSETCATALOG_COMPILER_GLOBAL_ACCENT_COLOR_NAME = AccentColor;
				CODE_SIGN_STYLE = Automatic;
				CURRENT_PROJECT_VERSION = 1;
				GENERATE_INFOPLIST_FILE = YES;
				INFOPLIST_FILE = test/Info.plist;
				INFOPLIST_KEY_UIApplicationSupportsIndirectInputEvents = YES;
				INFOPLIST_KEY_UILaunchStoryboardName = LaunchScreen;
				INFOPLIST_KEY_UIMainStoryboardFile = Main;
				INFOPLIST_KEY_UISupportedInterfaceOrientations_iPad = "UIInterfaceOrientationPortrait UIInterfaceOrientationPortraitUpsideDown UIInterfaceOrientationLandscapeLeft UIInterfaceOrientationLandscapeRight";
				INFOPLIST_KEY_UISupportedInterfaceOrientations_iPhone = "UIInterfaceOrientationPortrait UIInterfaceOrientationLandscapeLeft UIInterfaceOrientationLandscapeRight";
				LD_RUNPATH_SEARCH_PATHS = (
					"$(inherited)",
					"@executable_path/Frameworks",
				);
				MARKETING_VERSION = 1.0;
				PRODUCT_BUNDLE_IDENTIFIER = hjshin.test;
				PRODUCT_NAME = "$(TARGET_NAME)";
				SWIFT_EMIT_LOC_STRINGS = YES;
				SWIFT_VERSION = 5.0;
				TARGETED_DEVICE_FAMILY = "1,2";
			};
			name = Debug;
		};
		7730352A29BEA67A0075207B /* Release */ = {
			isa = XCBuildConfiguration;
			buildSettings = {
				ASSETCATALOG_COMPILER_APPICON_NAME = AppIcon;
				ASSETCATALOG_COMPILER_GLOBAL_ACCENT_COLOR_NAME = AccentColor;
				CODE_SIGN_STYLE = Automatic;
				CURRENT_PROJECT_VERSION = 1;
				GENERATE_INFOPLIST_FILE = YES;
				INFOPLIST_FILE = test/Info.plist;
				INFOPLIST_KEY_UIApplicationSupportsIndirectInputEvents = YES;
				INFOPLIST_KEY_UILaunchStoryboardName = LaunchScreen;
				INFOPLIST_KEY_UIMainStoryboardFile = Main;
				INFOPLIST_KEY_UISupportedInterfaceOrientations_iPad = "UIInterfaceOrientationPortrait UIInterfaceOrientationPortraitUpsideDown UIInterfaceOrientationLandscapeLeft UIInterfaceOrientationLandscapeRight";
				INFOPLIST_KEY_UISupportedInterfaceOrientations_iPhone = "UIInterfaceOrientationPortrait UIInterfaceOrientationLandscapeLeft UIInterfaceOrientationLandscapeRight";
				LD_RUNPATH_SEARCH_PATHS = (
					"$(inherited)",
					"@executable_path/Frameworks",
				);
				MARKETING_VERSION = 1.0;
				PRODUCT_BUNDLE_IDENTIFIER = hjshin.test;
				PRODUCT_NAME = "$(TARGET_NAME)";
				SWIFT_EMIT_LOC_STRINGS = YES;
				SWIFT_VERSION = 5.0;
				TARGETED_DEVICE_FAMILY = "1,2";
			};
			name = Release;
		};
/* End XCBuildConfiguration section */

/* Begin XCConfigurationList section */
		7730350F29BEA6790075207B /* Build configuration list for PBXProject "test" */ = {
			isa = XCConfigurationList;
			buildConfigurations = (
				7730352629BEA67A0075207B /* Debug */,
				7730352729BEA67A0075207B /* Release */,
			);
			defaultConfigurationIsVisible = 0;
			defaultConfigurationName = Release;
		};
		7730352829BEA67A0075207B /* Build configuration list for PBXNativeTarget "test" */ = {
			isa = XCConfigurationList;
			buildConfigurations = (
				7730352929BEA67A0075207B /* Debug */,
				7730352A29BEA67A0075207B /* Release */,
			);
			defaultConfigurationIsVisible = 0;
			defaultConfigurationName = Release;
		};
/* End XCConfigurationList section */
	};
	rootObject = 7730350C29BEA6790075207B /* Project object */;
}
